// !$*UTF8*$!
{
	archiveVersion = 1;
	classes = {
	};
	objectVersion = 77;
	objects = {

/* Begin PBXBuildFile section */
		08F29C5FB89A49BA98E15FA6 /* TMDBCredentialStoreTests.swift in Sources */ = {isa = PBXBuildFile; fileRef = 8AF769B52149A2651A7682D3 /* TMDBCredentialStoreTests.swift */; };
		104BD56AA1FB328335A30B67 /* TMDBDTOs.swift in Sources */ = {isa = PBXBuildFile; fileRef = 93F9CFEEF5F937F424EAECB3 /* TMDBDTOs.swift */; };
		1417AA3228CAEDA01FA64777 /* MovieSearchQueryTests.swift in Sources */ = {isa = PBXBuildFile; fileRef = 23F4994F3FA9AC84B799BABC /* MovieSearchQueryTests.swift */; };
		141851EEE27777811CF02BAA /* LibrarySort.swift in Sources */ = {isa = PBXBuildFile; fileRef = B796D9FCA54E4F2FD6190819 /* LibrarySort.swift */; };
		1AF5CC7C0FB16DD0BCF06A52 /* LibraryDuplicateDetector.swift in Sources */ = {isa = PBXBuildFile; fileRef = 9A96BD2898FC4EF76837426F /* LibraryDuplicateDetector.swift */; };
		1D100CD3E61672ED86CD7A95 /* TonightWidgetSnapshot.swift in Sources */ = {isa = PBXBuildFile; fileRef = A53BA1F5047C503ECD58D363 /* TonightWidgetSnapshot.swift */; };
		1FCCFC0919EBBEF596BABD6A /* MatchLibraryView.swift in Sources */ = {isa = PBXBuildFile; fileRef = 52737890FEE329F8FE1F07D9 /* MatchLibraryView.swift */; };
		2246A84BFF70A8144376E6E2 /* MovieDealsCache.swift in Sources */ = {isa = PBXBuildFile; fileRef = 3935F73E07F23F696F689A9B /* MovieDealsCache.swift */; };
		25834F881E78DC7738F1F69B /* DealsViewModelTests.swift in Sources */ = {isa = PBXBuildFile; fileRef = BAC7C05A4311FF057F1F809C /* DealsViewModelTests.swift */; };
		25FE557880D1E920EA71CDA6 /* LibraryImportEntry.swift in Sources */ = {isa = PBXBuildFile; fileRef = 95FFFF80D221B57587B2F412 /* LibraryImportEntry.swift */; };
		2C56C3566A94C0F98067AE02 /* TonightWidgetBundle.swift in Sources */ = {isa = PBXBuildFile; fileRef = A7476838787AC3CDF8D64806 /* TonightWidgetBundle.swift */; };
		2DCFAB41BEC9A1B01A55877E /* RecommendationEngineTests.swift in Sources */ = {isa = PBXBuildFile; fileRef = E6F38372B6C80159C4F399E8 /* RecommendationEngineTests.swift */; };
		2FC2053A4A6883D494838A4C /* AppleMovieDealsProvider.swift in Sources */ = {isa = PBXBuildFile; fileRef = 4064933EE42E3F529BD05818 /* AppleMovieDealsProvider.swift */; };
		32EF50F2494055B303CB1C9F /* HistoryView.swift in Sources */ = {isa = PBXBuildFile; fileRef = CF1D291C187C0180BF490204 /* HistoryView.swift */; };
		334DFF278A110A3217BB74CD /* TonightApp.swift in Sources */ = {isa = PBXBuildFile; fileRef = 6DC60752A6D87D251C7246B1 /* TonightApp.swift */; };
		35F9A9583936100DED1E6BC6 /* TMDBClient.swift in Sources */ = {isa = PBXBuildFile; fileRef = 575C7E7FC313D3647D8E2532 /* TMDBClient.swift */; };
		4972410F25B73D3CEB51938E /* TMDBMatchResolver.swift in Sources */ = {isa = PBXBuildFile; fileRef = F7DF4CAC765FAE80F58242D9 /* TMDBMatchResolver.swift */; };
		4A1AA86AB82B2FB7E2ECE8B5 /* AppleMovieDealsParserTests.swift in Sources */ = {isa = PBXBuildFile; fileRef = 9A6FC42107D3A4E3C6D83CE9 /* AppleMovieDealsParserTests.swift */; };
		4AE0395EEDFBB5053AC9547C /* MovieDealsRepositoryTests.swift in Sources */ = {isa = PBXBuildFile; fileRef = B9577494FDE3B1579E7A3675 /* MovieDealsRepositoryTests.swift */; };
		4B0FC3212F93F6F823B7CE78 /* TMDBImageURL.swift in Sources */ = {isa = PBXBuildFile; fileRef = 8994E21E05F3DF61ACB47BF4 /* TMDBImageURL.swift */; };
		56F724A5B5B4AF2837C75921 /* TonightWidgetSnapshotStoreTests.swift in Sources */ = {isa = PBXBuildFile; fileRef = EF4AE4B5F0CD88257436DBC3 /* TonightWidgetSnapshotStoreTests.swift */; };
		5E1F127C5383F959223C903B /* SettingsView.swift in Sources */ = {isa = PBXBuildFile; fileRef = 273C7F6468F6814164BAD49D /* SettingsView.swift */; };
		6515A0613CF5FEF02C50A70F /* DealsViewModel.swift in Sources */ = {isa = PBXBuildFile; fileRef = A5A726B43E883A1D284A74ED /* DealsViewModel.swift */; };
		6792EAA3396D9596C5B3CFEC /* AppRootView.swift in Sources */ = {isa = PBXBuildFile; fileRef = 61EE47CDD0229C7E88507DDA /* AppRootView.swift */; };
		6C84C94D4FC381B997984383 /* LibraryDuplicateDetectorTests.swift in Sources */ = {isa = PBXBuildFile; fileRef = F9099D797A08BAB40BFAF712 /* LibraryDuplicateDetectorTests.swift */; };
		6E377B6C4FFA933A2CF15D1A /* MovieDetailView.swift in Sources */ = {isa = PBXBuildFile; fileRef = 7AA694AF5EE3381F8C9906EC /* MovieDetailView.swift */; };
		6E927EE9B962CAF489904437 /* LibrarySyncStore.swift in Sources */ = {isa = PBXBuildFile; fileRef = 0C30B603E3E1C6DCAEF09110 /* LibrarySyncStore.swift */; };
		791901926B931740F78BC20C /* MovieDealsRepository.swift in Sources */ = {isa = PBXBuildFile; fileRef = EE342E95922E3B534A976777 /* MovieDealsRepository.swift */; };
		7933B08EDE172BB9152DA57D /* TonightWidgetSnapshot.swift in Sources */ = {isa = PBXBuildFile; fileRef = A53BA1F5047C503ECD58D363 /* TonightWidgetSnapshot.swift */; };
		7ACBF5074EAAD678B9F95F45 /* ImportViewModel.swift in Sources */ = {isa = PBXBuildFile; fileRef = 5361F1753F769EB5D64AFFED /* ImportViewModel.swift */; };
		7C77E439AA3B29E239DF4F1A /* RecommendationEvent.swift in Sources */ = {isa = PBXBuildFile; fileRef = 2A4CE5AC06A3181ED4590A48 /* RecommendationEvent.swift */; };
		8712460C2D95E768A3205DF6 /* MovieMatcher.swift in Sources */ = {isa = PBXBuildFile; fileRef = C23F68853A01857EBCCE7373 /* MovieMatcher.swift */; };
		892E4C4E4E05EC7060E205C3 /* DealsView.swift in Sources */ = {isa = PBXBuildFile; fileRef = 7072E59A90770D067AE674ED /* DealsView.swift */; };
		8ACF3D3B8A917FFCCD217695 /* RemoteArtworkView.swift in Sources */ = {isa = PBXBuildFile; fileRef = B12DC90FE8BA928E2EB59D58 /* RemoteArtworkView.swift */; };
		94D8E54F3F2D776732189D6C /* MovieDateParser.swift in Sources */ = {isa = PBXBuildFile; fileRef = 0ACE76128CC27409697502B5 /* MovieDateParser.swift */; };
		9592020A7AA2B54EC774C943 /* TMDBCredentialStore.swift in Sources */ = {isa = PBXBuildFile; fileRef = 2B16A4E9CAF95F220D2044AA /* TMDBCredentialStore.swift */; };
		9B541FA1A5F9DA48EB384BB3 /* LibrarySyncDocument.swift in Sources */ = {isa = PBXBuildFile; fileRef = 6074214CB3F0148DC15B1399 /* LibrarySyncDocument.swift */; };
		A34CFB1186D623D6F8932593 /* LibrarySyncCoordinator.swift in Sources */ = {isa = PBXBuildFile; fileRef = AC94744EC2F1548A10B1C07E /* LibrarySyncCoordinator.swift */; };
		A42BCB7629E704800A44B579 /* MovieMatcherTests.swift in Sources */ = {isa = PBXBuildFile; fileRef = 989C3AC04D5D64D5D955A247 /* MovieMatcherTests.swift */; };
		A475CB1D04283927E6721815 /* MovieImportParserTests.swift in Sources */ = {isa = PBXBuildFile; fileRef = 0AFF371A7DC034A964406ECE /* MovieImportParserTests.swift */; };
		A5133438EBF3AB4EDE0FA12A /* LocalLibraryDuplicateRepairTests.swift in Sources */ = {isa = PBXBuildFile; fileRef = 1E8AE9AE7EFAB4670C1731A9 /* LocalLibraryDuplicateRepairTests.swift */; };
		A53E9D827C2CF0F2D83ABAED /* AppleMovieDeal.swift in Sources */ = {isa = PBXBuildFile; fileRef = 2BC9382806C7686860C295EE /* AppleMovieDeal.swift */; };
		AB3ED62C5B7C4D71313918A2 /* TonightView.swift in Sources */ = {isa = PBXBuildFile; fileRef = 97081DF7F284EAA2A95B0157 /* TonightView.swift */; };
		B69B3A2B1EE2EFEA9DE20C7F /* MovieFactory.swift in Sources */ = {isa = PBXBuildFile; fileRef = 10222A546DECE7A4E8C08DB8 /* MovieFactory.swift */; };
		B86B4E6A80929D903D756FB3 /* WatchedStateSync.swift in Sources */ = {isa = PBXBuildFile; fileRef = 1A27862D605EBB05E81C523E /* WatchedStateSync.swift */; };
		B9C2A0699EF8AF6A74B1ED28 /* LibraryView.swift in Sources */ = {isa = PBXBuildFile; fileRef = 821E2FA69C6A22F3E76E808B /* LibraryView.swift */; };
		BC5F067C8B529E0338CAA259 /* DealLibraryMatcherTests.swift in Sources */ = {isa = PBXBuildFile; fileRef = 1EA09265B06EEE4851809278 /* DealLibraryMatcherTests.swift */; };
		C4294BDA334D44D1EE8EBC57 /* LocalLibraryDuplicateRepair.swift in Sources */ = {isa = PBXBuildFile; fileRef = 3DA79E66CBD2C6FCA1ADFD55 /* LocalLibraryDuplicateRepair.swift */; };
		C790E558B61874CBFDF318C2 /* RecommendationEngine.swift in Sources */ = {isa = PBXBuildFile; fileRef = 8857001DC42E1BB90C2EEF55 /* RecommendationEngine.swift */; };
		CDC0E739824508BFE0EA7066 /* DebugLibrarySeeder.swift in Sources */ = {isa = PBXBuildFile; fileRef = 06BD1EDE67712EC46E2FB62C /* DebugLibrarySeeder.swift */; };
		D36A79F12DA7E49877800A4C /* MovieDealsCacheTests.swift in Sources */ = {isa = PBXBuildFile; fileRef = 30E32B4AE5F9E39586E8A58C /* MovieDealsCacheTests.swift */; };
		D67CF163603C681EE9480C79 /* Movie.swift in Sources */ = {isa = PBXBuildFile; fileRef = 494AB0713C221BD9B526449C /* Movie.swift */; };
		D689ED9D2032D32A5CB9FBDA /* DealsTestSupport.swift in Sources */ = {isa = PBXBuildFile; fileRef = 898664A0692D587A6BBA4F7C /* DealsTestSupport.swift */; };
		D85CB583812F9113FF59E31A /* MovieImportParser.swift in Sources */ = {isa = PBXBuildFile; fileRef = F15169B32FDFCBAD57BA2C1D /* MovieImportParser.swift */; };
		D95725DD046E4D1514ECD007 /* TonightPicksWidget.swift in Sources */ = {isa = PBXBuildFile; fileRef = F8DDB0921934E94066C553F7 /* TonightPicksWidget.swift */; };
		DDFF347FF92FA8B9959A5550 /* UnresolvedMatchViewModel.swift in Sources */ = {isa = PBXBuildFile; fileRef = 8EF8B2978B6D4330CE6E024E /* UnresolvedMatchViewModel.swift */; };
		E348984D429C384B3AE6990F /* LibraryArtworkCache.swift in Sources */ = {isa = PBXBuildFile; fileRef = 99DC93CBB8BA24EF73C3C942 /* LibraryArtworkCache.swift */; };
		E4D82AC6CE8D4BBDB9231251 /* MovieTitleNormalizer.swift in Sources */ = {isa = PBXBuildFile; fileRef = BD2098D804B99E3925E0E230 /* MovieTitleNormalizer.swift */; };
		E5509D47E80563205B8956C7 /* LibrarySortTests.swift in Sources */ = {isa = PBXBuildFile; fileRef = C6D5FAA817484101F39E2F6C /* LibrarySortTests.swift */; };
		E8589831CA4F9022680095DE /* ImportLibraryView.swift in Sources */ = {isa = PBXBuildFile; fileRef = 3C683C9BA8ED1F7D42F4DE39 /* ImportLibraryView.swift */; };
		EC1E4CEF6B92C6966AAAE779 /* LibraryBrowsingProgress.swift in Sources */ = {isa = PBXBuildFile; fileRef = 87CCFBF6FA09BA5E30E2DEB5 /* LibraryBrowsingProgress.swift */; };
		EF9E740BA071E8ED5EA92721 /* LibrarySyncTests.swift in Sources */ = {isa = PBXBuildFile; fileRef = B9D385A560A5F06559A57744 /* LibrarySyncTests.swift */; };
		F2850FD8A672266F1DB38288 /* TonightWidgetExtension.appex in Embed Foundation Extensions */ = {isa = PBXBuildFile; fileRef = A93441D4E2F0D3E2663A2CB1 /* TonightWidgetExtension.appex */; settings = {ATTRIBUTES = (RemoveHeadersOnCopy, ); }; };
		F5298568BEAC9AEF2B48E319 /* TonightWidgetSnapshotPublisher.swift in Sources */ = {isa = PBXBuildFile; fileRef = CA281305CF418AD51D5837CA /* TonightWidgetSnapshotPublisher.swift */; };
		F6FA7ADA41FD041312CAFAC7 /* WatchedStateSyncTests.swift in Sources */ = {isa = PBXBuildFile; fileRef = DD5A2CA66EA6C046B54A494D /* WatchedStateSyncTests.swift */; };
		FAA92D3DE5C1A0738020B615 /* MovieFactoryTests.swift in Sources */ = {isa = PBXBuildFile; fileRef = A8A2417CE6AD332F4479AFEA /* MovieFactoryTests.swift */; };
		FD95F1D65CB9F20DA1CDBE6B /* MovieSearchQuery.swift in Sources */ = {isa = PBXBuildFile; fileRef = 52AFE73666620DB9DEF0D8AB /* MovieSearchQuery.swift */; };
		FE8180B1AD3299CB6FE7B2E9 /* Assets.xcassets in Resources */ = {isa = PBXBuildFile; fileRef = 2DD1F1507CB8FFE86243FA1A /* Assets.xcassets */; };
		FF3C1129D3E2F2C85EAA744D /* Preview Assets.xcassets in Resources */ = {isa = PBXBuildFile; fileRef = 6835FA6367F16268D90D191A /* Preview Assets.xcassets */; };
/* End PBXBuildFile section */

/* Begin PBXContainerItemProxy section */
		96E8685EC1A09D54264E6722 /* PBXContainerItemProxy */ = {
			isa = PBXContainerItemProxy;
			containerPortal = B503BAB9EE6F415CC63E3985 /* Project object */;
			proxyType = 1;
			remoteGlobalIDString = 6F48D9546F57E186F31FB6EA;
			remoteInfo = TonightWidgetExtension;
		};
		DBCC9A7F7BF5EBA90C901BD7 /* PBXContainerItemProxy */ = {
			isa = PBXContainerItemProxy;
			containerPortal = B503BAB9EE6F415CC63E3985 /* Project object */;
			proxyType = 1;
			remoteGlobalIDString = 9BC49713813B561083F6DA1F;
			remoteInfo = Tonight;
		};
/* End PBXContainerItemProxy section */

/* Begin PBXCopyFilesBuildPhase section */
		AB4C0EBB9068EC53446629BC /* Embed Foundation Extensions */ = {
			isa = PBXCopyFilesBuildPhase;
			buildActionMask = 2147483647;
			dstPath = "";
			dstSubfolderSpec = 13;
			files = (
				F2850FD8A672266F1DB38288 /* TonightWidgetExtension.appex in Embed Foundation Extensions */,
			);
			name = "Embed Foundation Extensions";
			runOnlyForDeploymentPostprocessing = 0;
		};
/* End PBXCopyFilesBuildPhase section */

/* Begin PBXFileReference section */
		06BD1EDE67712EC46E2FB62C /* DebugLibrarySeeder.swift */ = {isa = PBXFileReference; lastKnownFileType = sourcecode.swift; path = DebugLibrarySeeder.swift; sourceTree = "<group>"; };
		0ACE76128CC27409697502B5 /* MovieDateParser.swift */ = {isa = PBXFileReference; lastKnownFileType = sourcecode.swift; path = MovieDateParser.swift; sourceTree = "<group>"; };
		0AFF371A7DC034A964406ECE /* MovieImportParserTests.swift */ = {isa = PBXFileReference; lastKnownFileType = sourcecode.swift; path = MovieImportParserTests.swift; sourceTree = "<group>"; };
		0C30B603E3E1C6DCAEF09110 /* LibrarySyncStore.swift */ = {isa = PBXFileReference; lastKnownFileType = sourcecode.swift; path = LibrarySyncStore.swift; sourceTree = "<group>"; };
		10222A546DECE7A4E8C08DB8 /* MovieFactory.swift */ = {isa = PBXFileReference; lastKnownFileType = sourcecode.swift; path = MovieFactory.swift; sourceTree = "<group>"; };
		1A27862D605EBB05E81C523E /* WatchedStateSync.swift */ = {isa = PBXFileReference; lastKnownFileType = sourcecode.swift; path = WatchedStateSync.swift; sourceTree = "<group>"; };
		1E8AE9AE7EFAB4670C1731A9 /* LocalLibraryDuplicateRepairTests.swift */ = {isa = PBXFileReference; lastKnownFileType = sourcecode.swift; path = LocalLibraryDuplicateRepairTests.swift; sourceTree = "<group>"; };
		1EA09265B06EEE4851809278 /* DealLibraryMatcherTests.swift */ = {isa = PBXFileReference; lastKnownFileType = sourcecode.swift; path = DealLibraryMatcherTests.swift; sourceTree = "<group>"; };
		23F4994F3FA9AC84B799BABC /* MovieSearchQueryTests.swift */ = {isa = PBXFileReference; lastKnownFileType = sourcecode.swift; path = MovieSearchQueryTests.swift; sourceTree = "<group>"; };
		273C7F6468F6814164BAD49D /* SettingsView.swift */ = {isa = PBXFileReference; lastKnownFileType = sourcecode.swift; path = SettingsView.swift; sourceTree = "<group>"; };
		2A4CE5AC06A3181ED4590A48 /* RecommendationEvent.swift */ = {isa = PBXFileReference; lastKnownFileType = sourcecode.swift; path = RecommendationEvent.swift; sourceTree = "<group>"; };
		2B16A4E9CAF95F220D2044AA /* TMDBCredentialStore.swift */ = {isa = PBXFileReference; lastKnownFileType = sourcecode.swift; path = TMDBCredentialStore.swift; sourceTree = "<group>"; };
		2BC9382806C7686860C295EE /* AppleMovieDeal.swift */ = {isa = PBXFileReference; lastKnownFileType = sourcecode.swift; path = AppleMovieDeal.swift; sourceTree = "<group>"; };
		2DD1F1507CB8FFE86243FA1A /* Assets.xcassets */ = {isa = PBXFileReference; lastKnownFileType = folder.assetcatalog; path = Assets.xcassets; sourceTree = "<group>"; };
		30BA1CF67A68E547B9403688 /* Tonight.app */ = {isa = PBXFileReference; includeInIndex = 0; lastKnownFileType = wrapper.application; path = Tonight.app; sourceTree = BUILT_PRODUCTS_DIR; };
		30E32B4AE5F9E39586E8A58C /* MovieDealsCacheTests.swift */ = {isa = PBXFileReference; lastKnownFileType = sourcecode.swift; path = MovieDealsCacheTests.swift; sourceTree = "<group>"; };
		3935F73E07F23F696F689A9B /* MovieDealsCache.swift */ = {isa = PBXFileReference; lastKnownFileType = sourcecode.swift; path = MovieDealsCache.swift; sourceTree = "<group>"; };
		3C683C9BA8ED1F7D42F4DE39 /* ImportLibraryView.swift */ = {isa = PBXFileReference; lastKnownFileType = sourcecode.swift; path = ImportLibraryView.swift; sourceTree = "<group>"; };
		3DA79E66CBD2C6FCA1ADFD55 /* LocalLibraryDuplicateRepair.swift */ = {isa = PBXFileReference; lastKnownFileType = sourcecode.swift; path = LocalLibraryDuplicateRepair.swift; sourceTree = "<group>"; };
		4064933EE42E3F529BD05818 /* AppleMovieDealsProvider.swift */ = {isa = PBXFileReference; lastKnownFileType = sourcecode.swift; path = AppleMovieDealsProvider.swift; sourceTree = "<group>"; };
		494AB0713C221BD9B526449C /* Movie.swift */ = {isa = PBXFileReference; lastKnownFileType = sourcecode.swift; path = Movie.swift; sourceTree = "<group>"; };
		52737890FEE329F8FE1F07D9 /* MatchLibraryView.swift */ = {isa = PBXFileReference; lastKnownFileType = sourcecode.swift; path = MatchLibraryView.swift; sourceTree = "<group>"; };
		52AFE73666620DB9DEF0D8AB /* MovieSearchQuery.swift */ = {isa = PBXFileReference; lastKnownFileType = sourcecode.swift; path = MovieSearchQuery.swift; sourceTree = "<group>"; };
		5361F1753F769EB5D64AFFED /* ImportViewModel.swift */ = {isa = PBXFileReference; lastKnownFileType = sourcecode.swift; path = ImportViewModel.swift; sourceTree = "<group>"; };
		575C7E7FC313D3647D8E2532 /* TMDBClient.swift */ = {isa = PBXFileReference; lastKnownFileType = sourcecode.swift; path = TMDBClient.swift; sourceTree = "<group>"; };
		6074214CB3F0148DC15B1399 /* LibrarySyncDocument.swift */ = {isa = PBXFileReference; lastKnownFileType = sourcecode.swift; path = LibrarySyncDocument.swift; sourceTree = "<group>"; };
		61EE47CDD0229C7E88507DDA /* AppRootView.swift */ = {isa = PBXFileReference; lastKnownFileType = sourcecode.swift; path = AppRootView.swift; sourceTree = "<group>"; };
		6835FA6367F16268D90D191A /* Preview Assets.xcassets */ = {isa = PBXFileReference; lastKnownFileType = folder.assetcatalog; path = "Preview Assets.xcassets"; sourceTree = "<group>"; };
		6DC60752A6D87D251C7246B1 /* TonightApp.swift */ = {isa = PBXFileReference; lastKnownFileType = sourcecode.swift; path = TonightApp.swift; sourceTree = "<group>"; };
		7072E59A90770D067AE674ED /* DealsView.swift */ = {isa = PBXFileReference; lastKnownFileType = sourcecode.swift; path = DealsView.swift; sourceTree = "<group>"; };
		74D987373D1685B6D9435AA4 /* Info.plist */ = {isa = PBXFileReference; lastKnownFileType = text.plist; path = Info.plist; sourceTree = "<group>"; };
		7AA694AF5EE3381F8C9906EC /* MovieDetailView.swift */ = {isa = PBXFileReference; lastKnownFileType = sourcecode.swift; path = MovieDetailView.swift; sourceTree = "<group>"; };
		821E2FA69C6A22F3E76E808B /* LibraryView.swift */ = {isa = PBXFileReference; lastKnownFileType = sourcecode.swift; path = LibraryView.swift; sourceTree = "<group>"; };
		87CCFBF6FA09BA5E30E2DEB5 /* LibraryBrowsingProgress.swift */ = {isa = PBXFileReference; lastKnownFileType = sourcecode.swift; path = LibraryBrowsingProgress.swift; sourceTree = "<group>"; };
		8857001DC42E1BB90C2EEF55 /* RecommendationEngine.swift */ = {isa = PBXFileReference; lastKnownFileType = sourcecode.swift; path = RecommendationEngine.swift; sourceTree = "<group>"; };
		898664A0692D587A6BBA4F7C /* DealsTestSupport.swift */ = {isa = PBXFileReference; lastKnownFileType = sourcecode.swift; path = DealsTestSupport.swift; sourceTree = "<group>"; };
		8994E21E05F3DF61ACB47BF4 /* TMDBImageURL.swift */ = {isa = PBXFileReference; lastKnownFileType = sourcecode.swift; path = TMDBImageURL.swift; sourceTree = "<group>"; };
		8AF769B52149A2651A7682D3 /* TMDBCredentialStoreTests.swift */ = {isa = PBXFileReference; lastKnownFileType = sourcecode.swift; path = TMDBCredentialStoreTests.swift; sourceTree = "<group>"; };
		8EF8B2978B6D4330CE6E024E /* UnresolvedMatchViewModel.swift */ = {isa = PBXFileReference; lastKnownFileType = sourcecode.swift; path = UnresolvedMatchViewModel.swift; sourceTree = "<group>"; };
		93F9CFEEF5F937F424EAECB3 /* TMDBDTOs.swift */ = {isa = PBXFileReference; lastKnownFileType = sourcecode.swift; path = TMDBDTOs.swift; sourceTree = "<group>"; };
		95FFFF80D221B57587B2F412 /* LibraryImportEntry.swift */ = {isa = PBXFileReference; lastKnownFileType = sourcecode.swift; path = LibraryImportEntry.swift; sourceTree = "<group>"; };
		97081DF7F284EAA2A95B0157 /* TonightView.swift */ = {isa = PBXFileReference; lastKnownFileType = sourcecode.swift; path = TonightView.swift; sourceTree = "<group>"; };
		989C3AC04D5D64D5D955A247 /* MovieMatcherTests.swift */ = {isa = PBXFileReference; lastKnownFileType = sourcecode.swift; path = MovieMatcherTests.swift; sourceTree = "<group>"; };
		99DC93CBB8BA24EF73C3C942 /* LibraryArtworkCache.swift */ = {isa = PBXFileReference; lastKnownFileType = sourcecode.swift; path = LibraryArtworkCache.swift; sourceTree = "<group>"; };
		9A6FC42107D3A4E3C6D83CE9 /* AppleMovieDealsParserTests.swift */ = {isa = PBXFileReference; lastKnownFileType = sourcecode.swift; path = AppleMovieDealsParserTests.swift; sourceTree = "<group>"; };
		9A96BD2898FC4EF76837426F /* LibraryDuplicateDetector.swift */ = {isa = PBXFileReference; lastKnownFileType = sourcecode.swift; path = LibraryDuplicateDetector.swift; sourceTree = "<group>"; };
		A23D8FC66C353ECBE3B4AD12 /* Info.plist */ = {isa = PBXFileReference; lastKnownFileType = text.plist; path = Info.plist; sourceTree = "<group>"; };
		A53BA1F5047C503ECD58D363 /* TonightWidgetSnapshot.swift */ = {isa = PBXFileReference; lastKnownFileType = sourcecode.swift; path = TonightWidgetSnapshot.swift; sourceTree = "<group>"; };
		A5A726B43E883A1D284A74ED /* DealsViewModel.swift */ = {isa = PBXFileReference; lastKnownFileType = sourcecode.swift; path = DealsViewModel.swift; sourceTree = "<group>"; };
		A7476838787AC3CDF8D64806 /* TonightWidgetBundle.swift */ = {isa = PBXFileReference; lastKnownFileType = sourcecode.swift; path = TonightWidgetBundle.swift; sourceTree = "<group>"; };
		A8A2417CE6AD332F4479AFEA /* MovieFactoryTests.swift */ = {isa = PBXFileReference; lastKnownFileType = sourcecode.swift; path = MovieFactoryTests.swift; sourceTree = "<group>"; };
		A93441D4E2F0D3E2663A2CB1 /* TonightWidgetExtension.appex */ = {isa = PBXFileReference; includeInIndex = 0; lastKnownFileType = "wrapper.app-extension"; path = TonightWidgetExtension.appex; sourceTree = BUILT_PRODUCTS_DIR; };
		AC94744EC2F1548A10B1C07E /* LibrarySyncCoordinator.swift */ = {isa = PBXFileReference; lastKnownFileType = sourcecode.swift; path = LibrarySyncCoordinator.swift; sourceTree = "<group>"; };
		B12DC90FE8BA928E2EB59D58 /* RemoteArtworkView.swift */ = {isa = PBXFileReference; lastKnownFileType = sourcecode.swift; path = RemoteArtworkView.swift; sourceTree = "<group>"; };
		B796D9FCA54E4F2FD6190819 /* LibrarySort.swift */ = {isa = PBXFileReference; lastKnownFileType = sourcecode.swift; path = LibrarySort.swift; sourceTree = "<group>"; };
		B9577494FDE3B1579E7A3675 /* MovieDealsRepositoryTests.swift */ = {isa = PBXFileReference; lastKnownFileType = sourcecode.swift; path = MovieDealsRepositoryTests.swift; sourceTree = "<group>"; };
		B9D385A560A5F06559A57744 /* LibrarySyncTests.swift */ = {isa = PBXFileReference; lastKnownFileType = sourcecode.swift; path = LibrarySyncTests.swift; sourceTree = "<group>"; };
		BAC7C05A4311FF057F1F809C /* DealsViewModelTests.swift */ = {isa = PBXFileReference; lastKnownFileType = sourcecode.swift; path = DealsViewModelTests.swift; sourceTree = "<group>"; };
		BD2098D804B99E3925E0E230 /* MovieTitleNormalizer.swift */ = {isa = PBXFileReference; lastKnownFileType = sourcecode.swift; path = MovieTitleNormalizer.swift; sourceTree = "<group>"; };
		C23F68853A01857EBCCE7373 /* MovieMatcher.swift */ = {isa = PBXFileReference; lastKnownFileType = sourcecode.swift; path = MovieMatcher.swift; sourceTree = "<group>"; };
		C6D5FAA817484101F39E2F6C /* LibrarySortTests.swift */ = {isa = PBXFileReference; lastKnownFileType = sourcecode.swift; path = LibrarySortTests.swift; sourceTree = "<group>"; };
		CA281305CF418AD51D5837CA /* TonightWidgetSnapshotPublisher.swift */ = {isa = PBXFileReference; lastKnownFileType = sourcecode.swift; path = TonightWidgetSnapshotPublisher.swift; sourceTree = "<group>"; };
		CF1D291C187C0180BF490204 /* HistoryView.swift */ = {isa = PBXFileReference; lastKnownFileType = sourcecode.swift; path = HistoryView.swift; sourceTree = "<group>"; };
		D1D4574B7ADA247716529B80 /* Tonight.entitlements */ = {isa = PBXFileReference; lastKnownFileType = text.plist.entitlements; path = Tonight.entitlements; sourceTree = "<group>"; };
		D590D4BE90B9BE12306B9364 /* TonightTests.xctest */ = {isa = PBXFileReference; includeInIndex = 0; lastKnownFileType = wrapper.cfbundle; path = TonightTests.xctest; sourceTree = BUILT_PRODUCTS_DIR; };
		DD5A2CA66EA6C046B54A494D /* WatchedStateSyncTests.swift */ = {isa = PBXFileReference; lastKnownFileType = sourcecode.swift; path = WatchedStateSyncTests.swift; sourceTree = "<group>"; };
		E6F38372B6C80159C4F399E8 /* RecommendationEngineTests.swift */ = {isa = PBXFileReference; lastKnownFileType = sourcecode.swift; path = RecommendationEngineTests.swift; sourceTree = "<group>"; };
		EE342E95922E3B534A976777 /* MovieDealsRepository.swift */ = {isa = PBXFileReference; lastKnownFileType = sourcecode.swift; path = MovieDealsRepository.swift; sourceTree = "<group>"; };
		EEEF70770C4F5048E284B8F7 /* TonightWidgetExtension.entitlements */ = {isa = PBXFileReference; lastKnownFileType = text.plist.entitlements; path = TonightWidgetExtension.entitlements; sourceTree = "<group>"; };
		EF4AE4B5F0CD88257436DBC3 /* TonightWidgetSnapshotStoreTests.swift */ = {isa = PBXFileReference; lastKnownFileType = sourcecode.swift; path = TonightWidgetSnapshotStoreTests.swift; sourceTree = "<group>"; };
		F15169B32FDFCBAD57BA2C1D /* MovieImportParser.swift */ = {isa = PBXFileReference; lastKnownFileType = sourcecode.swift; path = MovieImportParser.swift; sourceTree = "<group>"; };
		F7DF4CAC765FAE80F58242D9 /* TMDBMatchResolver.swift */ = {isa = PBXFileReference; lastKnownFileType = sourcecode.swift; path = TMDBMatchResolver.swift; sourceTree = "<group>"; };
		F8DDB0921934E94066C553F7 /* TonightPicksWidget.swift */ = {isa = PBXFileReference; lastKnownFileType = sourcecode.swift; path = TonightPicksWidget.swift; sourceTree = "<group>"; };
		F9099D797A08BAB40BFAF712 /* LibraryDuplicateDetectorTests.swift */ = {isa = PBXFileReference; lastKnownFileType = sourcecode.swift; path = LibraryDuplicateDetectorTests.swift; sourceTree = "<group>"; };
/* End PBXFileReference section */

/* Begin PBXGroup section */
		071E8025FE6154379DF62EED /* Tonight */ = {
			isa = PBXGroup;
			children = (
				97081DF7F284EAA2A95B0157 /* TonightView.swift */,
			);
			path = Tonight;
			sourceTree = "<group>";
		};
		45ADE486B1662A2103C6BABC /* Deals */ = {
			isa = PBXGroup;
			children = (
				7072E59A90770D067AE674ED /* DealsView.swift */,
			);
			path = Deals;
			sourceTree = "<group>";
		};
		4C7644D4E63292209072DD11 /* Deals */ = {
			isa = PBXGroup;
			children = (
				2BC9382806C7686860C295EE /* AppleMovieDeal.swift */,
				4064933EE42E3F529BD05818 /* AppleMovieDealsProvider.swift */,
				A5A726B43E883A1D284A74ED /* DealsViewModel.swift */,
				3935F73E07F23F696F689A9B /* MovieDealsCache.swift */,
				EE342E95922E3B534A976777 /* MovieDealsRepository.swift */,
			);
			path = Deals;
			sourceTree = "<group>";
		};
		4CFDBE9A4BCC939DBB8DEA67 /* TonightTests */ = {
			isa = PBXGroup;
			children = (
				9A6FC42107D3A4E3C6D83CE9 /* AppleMovieDealsParserTests.swift */,
				1EA09265B06EEE4851809278 /* DealLibraryMatcherTests.swift */,
				898664A0692D587A6BBA4F7C /* DealsTestSupport.swift */,
				BAC7C05A4311FF057F1F809C /* DealsViewModelTests.swift */,
				F9099D797A08BAB40BFAF712 /* LibraryDuplicateDetectorTests.swift */,
				C6D5FAA817484101F39E2F6C /* LibrarySortTests.swift */,
				B9D385A560A5F06559A57744 /* LibrarySyncTests.swift */,
				1E8AE9AE7EFAB4670C1731A9 /* LocalLibraryDuplicateRepairTests.swift */,
				30E32B4AE5F9E39586E8A58C /* MovieDealsCacheTests.swift */,
				B9577494FDE3B1579E7A3675 /* MovieDealsRepositoryTests.swift */,
				A8A2417CE6AD332F4479AFEA /* MovieFactoryTests.swift */,
				0AFF371A7DC034A964406ECE /* MovieImportParserTests.swift */,
				989C3AC04D5D64D5D955A247 /* MovieMatcherTests.swift */,
				23F4994F3FA9AC84B799BABC /* MovieSearchQueryTests.swift */,
				E6F38372B6C80159C4F399E8 /* RecommendationEngineTests.swift */,
				8AF769B52149A2651A7682D3 /* TMDBCredentialStoreTests.swift */,
				EF4AE4B5F0CD88257436DBC3 /* TonightWidgetSnapshotStoreTests.swift */,
				DD5A2CA66EA6C046B54A494D /* WatchedStateSyncTests.swift */,
			);
			path = TonightTests;
			sourceTree = "<group>";
		};
		4DD78A47901A6635388191D6 /* Views */ = {
			isa = PBXGroup;
			children = (
				45ADE486B1662A2103C6BABC /* Deals */,
				F1B39D0D6773BE3D714C3FAE /* History */,
				C4039FC14D706069BF719ABF /* Import */,
				941BD33406DDFF355F8CD9E7 /* Library */,
				81BACD4BA6FDD96A6BA5AD2E /* Settings */,
				BAC2526DA61B34F701532FF8 /* Shared */,
				071E8025FE6154379DF62EED /* Tonight */,
			);
			path = Views;
			sourceTree = "<group>";
		};
		76F07616A8B4459F11806A85 /* TMDB */ = {
			isa = PBXGroup;
			children = (
				0ACE76128CC27409697502B5 /* MovieDateParser.swift */,
				10222A546DECE7A4E8C08DB8 /* MovieFactory.swift */,
				C23F68853A01857EBCCE7373 /* MovieMatcher.swift */,
				575C7E7FC313D3647D8E2532 /* TMDBClient.swift */,
				2B16A4E9CAF95F220D2044AA /* TMDBCredentialStore.swift */,
				93F9CFEEF5F937F424EAECB3 /* TMDBDTOs.swift */,
				8994E21E05F3DF61ACB47BF4 /* TMDBImageURL.swift */,
				F7DF4CAC765FAE80F58242D9 /* TMDBMatchResolver.swift */,
			);
			path = TMDB;
			sourceTree = "<group>";
		};
		81BACD4BA6FDD96A6BA5AD2E /* Settings */ = {
			isa = PBXGroup;
			children = (
				273C7F6468F6814164BAD49D /* SettingsView.swift */,
			);
			path = Settings;
			sourceTree = "<group>";
		};
		8CABD4B38AE509C2903759CE /* Resources */ = {
			isa = PBXGroup;
			children = (
				2DD1F1507CB8FFE86243FA1A /* Assets.xcassets */,
				A23D8FC66C353ECBE3B4AD12 /* Info.plist */,
				D1D4574B7ADA247716529B80 /* Tonight.entitlements */,
			);
			path = Resources;
			sourceTree = "<group>";
		};
		8E624DCF6C7A057F5A3D4C94 /* Import */ = {
			isa = PBXGroup;
			children = (
				5361F1753F769EB5D64AFFED /* ImportViewModel.swift */,
				9A96BD2898FC4EF76837426F /* LibraryDuplicateDetector.swift */,
				95FFFF80D221B57587B2F412 /* LibraryImportEntry.swift */,
				F15169B32FDFCBAD57BA2C1D /* MovieImportParser.swift */,
				52AFE73666620DB9DEF0D8AB /* MovieSearchQuery.swift */,
				BD2098D804B99E3925E0E230 /* MovieTitleNormalizer.swift */,
			);
			path = Import;
			sourceTree = "<group>";
		};
		8EDCB2243419E721F776DEDD /* Products */ = {
			isa = PBXGroup;
			children = (
				30BA1CF67A68E547B9403688 /* Tonight.app */,
				D590D4BE90B9BE12306B9364 /* TonightTests.xctest */,
				A93441D4E2F0D3E2663A2CB1 /* TonightWidgetExtension.appex */,
			);
			name = Products;
			sourceTree = "<group>";
		};
		941BD33406DDFF355F8CD9E7 /* Library */ = {
			isa = PBXGroup;
			children = (
				821E2FA69C6A22F3E76E808B /* LibraryView.swift */,
				52737890FEE329F8FE1F07D9 /* MatchLibraryView.swift */,
				7AA694AF5EE3381F8C9906EC /* MovieDetailView.swift */,
			);
			path = Library;
			sourceTree = "<group>";
		};
		9DC52588B243D835DE331E7C /* Models */ = {
			isa = PBXGroup;
			children = (
				494AB0713C221BD9B526449C /* Movie.swift */,
				2A4CE5AC06A3181ED4590A48 /* RecommendationEvent.swift */,
			);
			path = Models;
			sourceTree = "<group>";
		};
		A640B48906774C3878897D22 /* Library */ = {
			isa = PBXGroup;
			children = (
				B796D9FCA54E4F2FD6190819 /* LibrarySort.swift */,
				3DA79E66CBD2C6FCA1ADFD55 /* LocalLibraryDuplicateRepair.swift */,
				8EF8B2978B6D4330CE6E024E /* UnresolvedMatchViewModel.swift */,
			);
			path = Library;
			sourceTree = "<group>";
		};
		B1A615FDE7546CB9C5972740 /* TonightWidgetExtension */ = {
			isa = PBXGroup;
			children = (
				74D987373D1685B6D9435AA4 /* Info.plist */,
				F8DDB0921934E94066C553F7 /* TonightPicksWidget.swift */,
				A7476838787AC3CDF8D64806 /* TonightWidgetBundle.swift */,
				EEEF70770C4F5048E284B8F7 /* TonightWidgetExtension.entitlements */,
			);
			path = TonightWidgetExtension;
			sourceTree = "<group>";
		};
		B2C660508B9C8D33A354FC91 /* WidgetSupport */ = {
			isa = PBXGroup;
			children = (
				CA281305CF418AD51D5837CA /* TonightWidgetSnapshotPublisher.swift */,
			);
			path = WidgetSupport;
			sourceTree = "<group>";
		};
		BAC2526DA61B34F701532FF8 /* Shared */ = {
			isa = PBXGroup;
			children = (
				B12DC90FE8BA928E2EB59D58 /* RemoteArtworkView.swift */,
			);
			path = Shared;
			sourceTree = "<group>";
		};
		BC9A80B7CC65DE053A7ACC11 /* Preview Content */ = {
			isa = PBXGroup;
			children = (
				06BD1EDE67712EC46E2FB62C /* DebugLibrarySeeder.swift */,
				6835FA6367F16268D90D191A /* Preview Assets.xcassets */,
			);
			path = "Preview Content";
			sourceTree = "<group>";
		};
		C4039FC14D706069BF719ABF /* Import */ = {
			isa = PBXGroup;
			children = (
				3C683C9BA8ED1F7D42F4DE39 /* ImportLibraryView.swift */,
			);
			path = Import;
			sourceTree = "<group>";
		};
		D7D351EE54565304FDBC7CD5 /* Recommendation */ = {
			isa = PBXGroup;
			children = (
				87CCFBF6FA09BA5E30E2DEB5 /* LibraryBrowsingProgress.swift */,
				8857001DC42E1BB90C2EEF55 /* RecommendationEngine.swift */,
			);
			path = Recommendation;
			sourceTree = "<group>";
		};
		E005E33DBAFDA64F3005DA42 /* Shared */ = {
			isa = PBXGroup;
			children = (
				A53BA1F5047C503ECD58D363 /* TonightWidgetSnapshot.swift */,
			);
			path = Shared;
			sourceTree = "<group>";
		};
		E1EB8388D63A60226773E075 /* Tonight */ = {
			isa = PBXGroup;
			children = (
				F230CA2E72D89B6F46485A99 /* App */,
				4C7644D4E63292209072DD11 /* Deals */,
				8E624DCF6C7A057F5A3D4C94 /* Import */,
				A640B48906774C3878897D22 /* Library */,
				9DC52588B243D835DE331E7C /* Models */,
				BC9A80B7CC65DE053A7ACC11 /* Preview Content */,
				D7D351EE54565304FDBC7CD5 /* Recommendation */,
				8CABD4B38AE509C2903759CE /* Resources */,
				EAE5C4B506F23E3532CCA27B /* Sync */,
				76F07616A8B4459F11806A85 /* TMDB */,
				4DD78A47901A6635388191D6 /* Views */,
				B2C660508B9C8D33A354FC91 /* WidgetSupport */,
			);
			path = Tonight;
			sourceTree = "<group>";
		};
		EAE5C4B506F23E3532CCA27B /* Sync */ = {
			isa = PBXGroup;
			children = (
				99DC93CBB8BA24EF73C3C942 /* LibraryArtworkCache.swift */,
				AC94744EC2F1548A10B1C07E /* LibrarySyncCoordinator.swift */,
				6074214CB3F0148DC15B1399 /* LibrarySyncDocument.swift */,
				0C30B603E3E1C6DCAEF09110 /* LibrarySyncStore.swift */,
				1A27862D605EBB05E81C523E /* WatchedStateSync.swift */,
			);
			path = Sync;
			sourceTree = "<group>";
		};
		F1B39D0D6773BE3D714C3FAE /* History */ = {
			isa = PBXGroup;
			children = (
				CF1D291C187C0180BF490204 /* HistoryView.swift */,
			);
			path = History;
			sourceTree = "<group>";
		};
		F230CA2E72D89B6F46485A99 /* App */ = {
			isa = PBXGroup;
			children = (
				61EE47CDD0229C7E88507DDA /* AppRootView.swift */,
				6DC60752A6D87D251C7246B1 /* TonightApp.swift */,
			);
			path = App;
			sourceTree = "<group>";
		};
		F378EAD7504088ED8042D597 = {
			isa = PBXGroup;
			children = (
				E005E33DBAFDA64F3005DA42 /* Shared */,
				E1EB8388D63A60226773E075 /* Tonight */,
				4CFDBE9A4BCC939DBB8DEA67 /* TonightTests */,
				B1A615FDE7546CB9C5972740 /* TonightWidgetExtension */,
				8EDCB2243419E721F776DEDD /* Products */,
			);
			sourceTree = "<group>";
		};
/* End PBXGroup section */

/* Begin PBXNativeTarget section */
		6F48D9546F57E186F31FB6EA /* TonightWidgetExtension */ = {
			isa = PBXNativeTarget;
			buildConfigurationList = A300D0E5D01E54CC44E83F66 /* Build configuration list for PBXNativeTarget "TonightWidgetExtension" */;
			buildPhases = (
				0FE83B3A612C3B5D70DDB474 /* Sources */,
			);
			buildRules = (
			);
			dependencies = (
			);
			name = TonightWidgetExtension;
			packageProductDependencies = (
			);
			productName = TonightWidgetExtension;
			productReference = A93441D4E2F0D3E2663A2CB1 /* TonightWidgetExtension.appex */;
			productType = "com.apple.product-type.app-extension";
		};
		6F82A5DD1C70FB3A7D9A9F97 /* TonightTests */ = {
			isa = PBXNativeTarget;
			buildConfigurationList = 18D042D3B20A2180835F9DF8 /* Build configuration list for PBXNativeTarget "TonightTests" */;
			buildPhases = (
				588446237B5867C45076A444 /* Sources */,
			);
			buildRules = (
			);
			dependencies = (
				BA6956548F6D5D2B2146C541 /* PBXTargetDependency */,
			);
			name = TonightTests;
			packageProductDependencies = (
			);
			productName = TonightTests;
			productReference = D590D4BE90B9BE12306B9364 /* TonightTests.xctest */;
			productType = "com.apple.product-type.bundle.unit-test";
		};
		9BC49713813B561083F6DA1F /* Tonight */ = {
			isa = PBXNativeTarget;
			buildConfigurationList = FDE544ABF5AE8A632ECE8A09 /* Build configuration list for PBXNativeTarget "Tonight" */;
			buildPhases = (
				9EB2751BED59415F3457018A /* Sources */,
				4770FEC9F966CF8D85C33E94 /* Resources */,
				AB4C0EBB9068EC53446629BC /* Embed Foundation Extensions */,
				31B88BDC90E8632AE1D28796 /* Generate Settings Version */,
			);
			buildRules = (
			);
			dependencies = (
				42B3A082652263BE3AAE0FE1 /* PBXTargetDependency */,
			);
			name = Tonight;
			packageProductDependencies = (
			);
			productName = Tonight;
			productReference = 30BA1CF67A68E547B9403688 /* Tonight.app */;
			productType = "com.apple.product-type.application";
		};
/* End PBXNativeTarget section */

/* Begin PBXProject section */
		B503BAB9EE6F415CC63E3985 /* Project object */ = {
			isa = PBXProject;
			attributes = {
				BuildIndependentTargetsInParallel = YES;
				LastUpgradeCheck = 2660;
				TargetAttributes = {
					6F48D9546F57E186F31FB6EA = {
						DevelopmentTeam = H7LG8SK72M;
						ProvisioningStyle = Automatic;
					};
					9BC49713813B561083F6DA1F = {
						DevelopmentTeam = H7LG8SK72M;
						ProvisioningStyle = Automatic;
					};
				};
			};
			buildConfigurationList = C6426BEEC30896921D6B8F56 /* Build configuration list for PBXProject "Tonight" */;
			developmentRegion = en;
			hasScannedForEncodings = 0;
			knownRegions = (
				Base,
				en,
			);
			mainGroup = F378EAD7504088ED8042D597;
			minimizedProjectReferenceProxies = 1;
			preferredProjectObjectVersion = 77;
			productRefGroup = 8EDCB2243419E721F776DEDD /* Products */;
			projectDirPath = "";
			projectRoot = "";
			targets = (
				9BC49713813B561083F6DA1F /* Tonight */,
				6F82A5DD1C70FB3A7D9A9F97 /* TonightTests */,
				6F48D9546F57E186F31FB6EA /* TonightWidgetExtension */,
			);
		};
/* End PBXProject section */

/* Begin PBXResourcesBuildPhase section */
		4770FEC9F966CF8D85C33E94 /* Resources */ = {
			isa = PBXResourcesBuildPhase;
			buildActionMask = 2147483647;
			files = (
				FE8180B1AD3299CB6FE7B2E9 /* Assets.xcassets in Resources */,
				FF3C1129D3E2F2C85EAA744D /* Preview Assets.xcassets in Resources */,
			);
			runOnlyForDeploymentPostprocessing = 0;
		};
/* End PBXResourcesBuildPhase section */

/* Begin PBXShellScriptBuildPhase section */
		31B88BDC90E8632AE1D28796 /* Generate Settings Version */ = {
			isa = PBXShellScriptBuildPhase;
			buildActionMask = 2147483647;
			files = (
			);
			inputFileListPaths = (
			);
			inputPaths = (
				"$(SRCROOT)/Scripts/write-settings-version.sh",
				"$(SRCROOT)/Tonight/Resources/Settings.bundle/Root.plist",
				"$(TARGET_BUILD_DIR)/$(INFOPLIST_PATH)",
			);
			name = "Generate Settings Version";
			outputFileListPaths = (
			);
			outputPaths = (
				"$(TARGET_BUILD_DIR)/$(UNLOCALIZED_RESOURCES_FOLDER_PATH)/Settings.bundle/Root.plist",
			);
			runOnlyForDeploymentPostprocessing = 0;
			shellPath = /bin/sh;
			shellScript = "#!/bin/sh\nset -eu\n\n# Read the processed app metadata so Settings always describes this exact build.\napp_info=\"${TARGET_BUILD_DIR}/${INFOPLIST_PATH}\"\nsettings_root=\"${TARGET_BUILD_DIR}/${UNLOCALIZED_RESOURCES_FOLDER_PATH}/Settings.bundle/Root.plist\"\napp_version=$(/usr/libexec/PlistBuddy -c 'Print :CFBundleShortVersionString' \"$app_info\")\napp_build=$(/usr/libexec/PlistBuddy -c 'Print :CFBundleVersion' \"$app_info\")\n\nmkdir -p \"$(dirname \"$settings_root\")\"\ncp \"${SRCROOT}/Tonight/Resources/Settings.bundle/Root.plist\" \"$settings_root\"\n/usr/libexec/PlistBuddy -c \"Set :PreferenceSpecifiers:0:DefaultValue ${app_version} (${app_build})\" \"$settings_root\"\n";
		};
/* End PBXShellScriptBuildPhase section */

/* Begin PBXSourcesBuildPhase section */
		0FE83B3A612C3B5D70DDB474 /* Sources */ = {
			isa = PBXSourcesBuildPhase;
			buildActionMask = 2147483647;
			files = (
				D95725DD046E4D1514ECD007 /* TonightPicksWidget.swift in Sources */,
				2C56C3566A94C0F98067AE02 /* TonightWidgetBundle.swift in Sources */,
				7933B08EDE172BB9152DA57D /* TonightWidgetSnapshot.swift in Sources */,
			);
			runOnlyForDeploymentPostprocessing = 0;
		};
		588446237B5867C45076A444 /* Sources */ = {
			isa = PBXSourcesBuildPhase;
			buildActionMask = 2147483647;
			files = (
				4A1AA86AB82B2FB7E2ECE8B5 /* AppleMovieDealsParserTests.swift in Sources */,
				BC5F067C8B529E0338CAA259 /* DealLibraryMatcherTests.swift in Sources */,
				D689ED9D2032D32A5CB9FBDA /* DealsTestSupport.swift in Sources */,
				25834F881E78DC7738F1F69B /* DealsViewModelTests.swift in Sources */,
				6C84C94D4FC381B997984383 /* LibraryDuplicateDetectorTests.swift in Sources */,
				E5509D47E80563205B8956C7 /* LibrarySortTests.swift in Sources */,
				EF9E740BA071E8ED5EA92721 /* LibrarySyncTests.swift in Sources */,
				A5133438EBF3AB4EDE0FA12A /* LocalLibraryDuplicateRepairTests.swift in Sources */,
				D36A79F12DA7E49877800A4C /* MovieDealsCacheTests.swift in Sources */,
				4AE0395EEDFBB5053AC9547C /* MovieDealsRepositoryTests.swift in Sources */,
				FAA92D3DE5C1A0738020B615 /* MovieFactoryTests.swift in Sources */,
				A475CB1D04283927E6721815 /* MovieImportParserTests.swift in Sources */,
				A42BCB7629E704800A44B579 /* MovieMatcherTests.swift in Sources */,
				1417AA3228CAEDA01FA64777 /* MovieSearchQueryTests.swift in Sources */,
				2DCFAB41BEC9A1B01A55877E /* RecommendationEngineTests.swift in Sources */,
				08F29C5FB89A49BA98E15FA6 /* TMDBCredentialStoreTests.swift in Sources */,
				56F724A5B5B4AF2837C75921 /* TonightWidgetSnapshotStoreTests.swift in Sources */,
				F6FA7ADA41FD041312CAFAC7 /* WatchedStateSyncTests.swift in Sources */,
			);
			runOnlyForDeploymentPostprocessing = 0;
		};
		9EB2751BED59415F3457018A /* Sources */ = {
			isa = PBXSourcesBuildPhase;
			buildActionMask = 2147483647;
			files = (
				6792EAA3396D9596C5B3CFEC /* AppRootView.swift in Sources */,
				A53E9D827C2CF0F2D83ABAED /* AppleMovieDeal.swift in Sources */,
				2FC2053A4A6883D494838A4C /* AppleMovieDealsProvider.swift in Sources */,
				892E4C4E4E05EC7060E205C3 /* DealsView.swift in Sources */,
				6515A0613CF5FEF02C50A70F /* DealsViewModel.swift in Sources */,
				CDC0E739824508BFE0EA7066 /* DebugLibrarySeeder.swift in Sources */,
				32EF50F2494055B303CB1C9F /* HistoryView.swift in Sources */,
				E8589831CA4F9022680095DE /* ImportLibraryView.swift in Sources */,
				7ACBF5074EAAD678B9F95F45 /* ImportViewModel.swift in Sources */,
				E348984D429C384B3AE6990F /* LibraryArtworkCache.swift in Sources */,
				EC1E4CEF6B92C6966AAAE779 /* LibraryBrowsingProgress.swift in Sources */,
				1AF5CC7C0FB16DD0BCF06A52 /* LibraryDuplicateDetector.swift in Sources */,
				25FE557880D1E920EA71CDA6 /* LibraryImportEntry.swift in Sources */,
				141851EEE27777811CF02BAA /* LibrarySort.swift in Sources */,
				A34CFB1186D623D6F8932593 /* LibrarySyncCoordinator.swift in Sources */,
				9B541FA1A5F9DA48EB384BB3 /* LibrarySyncDocument.swift in Sources */,
				6E927EE9B962CAF489904437 /* LibrarySyncStore.swift in Sources */,
				B9C2A0699EF8AF6A74B1ED28 /* LibraryView.swift in Sources */,
				C4294BDA334D44D1EE8EBC57 /* LocalLibraryDuplicateRepair.swift in Sources */,
				1FCCFC0919EBBEF596BABD6A /* MatchLibraryView.swift in Sources */,
				D67CF163603C681EE9480C79 /* Movie.swift in Sources */,
				94D8E54F3F2D776732189D6C /* MovieDateParser.swift in Sources */,
				2246A84BFF70A8144376E6E2 /* MovieDealsCache.swift in Sources */,
				791901926B931740F78BC20C /* MovieDealsRepository.swift in Sources */,
				6E377B6C4FFA933A2CF15D1A /* MovieDetailView.swift in Sources */,
				B69B3A2B1EE2EFEA9DE20C7F /* MovieFactory.swift in Sources */,
				D85CB583812F9113FF59E31A /* MovieImportParser.swift in Sources */,
				8712460C2D95E768A3205DF6 /* MovieMatcher.swift in Sources */,
				FD95F1D65CB9F20DA1CDBE6B /* MovieSearchQuery.swift in Sources */,
				E4D82AC6CE8D4BBDB9231251 /* MovieTitleNormalizer.swift in Sources */,
				C790E558B61874CBFDF318C2 /* RecommendationEngine.swift in Sources */,
				7C77E439AA3B29E239DF4F1A /* RecommendationEvent.swift in Sources */,
				8ACF3D3B8A917FFCCD217695 /* RemoteArtworkView.swift in Sources */,
				5E1F127C5383F959223C903B /* SettingsView.swift in Sources */,
				35F9A9583936100DED1E6BC6 /* TMDBClient.swift in Sources */,
				9592020A7AA2B54EC774C943 /* TMDBCredentialStore.swift in Sources */,
				104BD56AA1FB328335A30B67 /* TMDBDTOs.swift in Sources */,
				4B0FC3212F93F6F823B7CE78 /* TMDBImageURL.swift in Sources */,
				4972410F25B73D3CEB51938E /* TMDBMatchResolver.swift in Sources */,
				334DFF278A110A3217BB74CD /* TonightApp.swift in Sources */,
				AB3ED62C5B7C4D71313918A2 /* TonightView.swift in Sources */,
				1D100CD3E61672ED86CD7A95 /* TonightWidgetSnapshot.swift in Sources */,
				F5298568BEAC9AEF2B48E319 /* TonightWidgetSnapshotPublisher.swift in Sources */,
				DDFF347FF92FA8B9959A5550 /* UnresolvedMatchViewModel.swift in Sources */,
				B86B4E6A80929D903D756FB3 /* WatchedStateSync.swift in Sources */,
			);
			runOnlyForDeploymentPostprocessing = 0;
		};
/* End PBXSourcesBuildPhase section */

/* Begin PBXTargetDependency section */
		42B3A082652263BE3AAE0FE1 /* PBXTargetDependency */ = {
			isa = PBXTargetDependency;
			target = 6F48D9546F57E186F31FB6EA /* TonightWidgetExtension */;
			targetProxy = 96E8685EC1A09D54264E6722 /* PBXContainerItemProxy */;
		};
		BA6956548F6D5D2B2146C541 /* PBXTargetDependency */ = {
			isa = PBXTargetDependency;
			target = 9BC49713813B561083F6DA1F /* Tonight */;
			targetProxy = DBCC9A7F7BF5EBA90C901BD7 /* PBXContainerItemProxy */;
		};
/* End PBXTargetDependency section */

/* Begin XCBuildConfiguration section */
		0F5937083DF8FB63A8B18BBC /* Release */ = {
			isa = XCBuildConfiguration;
			buildSettings = {
				ASSETCATALOG_COMPILER_APPICON_NAME = AppIcon;
				ASSETCATALOG_COMPILER_GLOBAL_ACCENT_COLOR_NAME = AccentColor;
				CODE_SIGN_ENTITLEMENTS = Tonight/Resources/Tonight.entitlements;
				CODE_SIGN_IDENTITY = "iPhone Developer";
				CODE_SIGN_STYLE = Automatic;
				DEVELOPMENT_ASSET_PATHS = "\"Tonight/Preview Content\"";
				DEVELOPMENT_TEAM = H7LG8SK72M;
				INFOPLIST_FILE = Tonight/Resources/Info.plist;
				LD_RUNPATH_SEARCH_PATHS = (
					"$(inherited)",
					"@executable_path/Frameworks",
				);
				PRODUCT_BUNDLE_IDENTIFIER = com.donnoel.Tonight;
				PRODUCT_NAME = Tonight;
				REGISTER_APP_GROUPS = YES;
				SDKROOT = iphoneos;
				SUPPORTED_PLATFORMS = "iphoneos iphonesimulator";
				SUPPORTS_MACCATALYST = NO;
				SUPPORTS_MAC_DESIGNED_FOR_IPHONE_IPAD = NO;
				SUPPORTS_XR_DESIGNED_FOR_IPHONE_IPAD = NO;
				TARGETED_DEVICE_FAMILY = "1,2";
			};
			name = Release;
		};
		4DB47E1C2AAE9166DBEA49E1 /* Debug */ = {
			isa = XCBuildConfiguration;
			buildSettings = {
				APPLICATION_EXTENSION_API_ONLY = YES;
				CODE_SIGN_ENTITLEMENTS = TonightWidgetExtension/TonightWidgetExtension.entitlements;
				CODE_SIGN_STYLE = Automatic;
				DEVELOPMENT_TEAM = H7LG8SK72M;
				INFOPLIST_FILE = TonightWidgetExtension/Info.plist;
				LD_RUNPATH_SEARCH_PATHS = (
					"$(inherited)",
					"@executable_path/Frameworks",
					"@executable_path/../../Frameworks",
				);
				PRODUCT_BUNDLE_IDENTIFIER = com.donnoel.Tonight.Widget;
				PRODUCT_NAME = TonightWidgetExtension;
				REGISTER_APP_GROUPS = YES;
				SDKROOT = iphoneos;
				SKIP_INSTALL = YES;
				SUPPORTED_PLATFORMS = "iphoneos iphonesimulator";
				SUPPORTS_MACCATALYST = NO;
				SUPPORTS_MAC_DESIGNED_FOR_IPHONE_IPAD = NO;
				SUPPORTS_XR_DESIGNED_FOR_IPHONE_IPAD = NO;
				TARGETED_DEVICE_FAMILY = "1,2";
			};
			name = Debug;
		};
		7ACEE3DE4B7E61D5D22CD54F /* Debug */ = {
			isa = XCBuildConfiguration;
			buildSettings = {
				BUNDLE_LOADER = "$(TEST_HOST)";
				GENERATE_INFOPLIST_FILE = YES;
				LD_RUNPATH_SEARCH_PATHS = (
					"$(inherited)",
					"@executable_path/Frameworks",
					"@loader_path/Frameworks",
				);
				PRODUCT_BUNDLE_IDENTIFIER = com.donnoel.TonightTests;
				SDKROOT = iphoneos;
				TARGETED_DEVICE_FAMILY = "1,2";
				TEST_HOST = "$(BUILT_PRODUCTS_DIR)/Tonight.app/Tonight";
			};
			name = Debug;
		};
		81C083728D39DCEFBE8B6731 /* Release */ = {
			isa = XCBuildConfiguration;
			buildSettings = {
				ALWAYS_SEARCH_USER_PATHS = NO;
				ASSETCATALOG_COMPILER_GENERATE_SWIFT_ASSET_SYMBOL_EXTENSIONS = YES;
				CLANG_ANALYZER_NONNULL = YES;
				CLANG_ANALYZER_NUMBER_OBJECT_CONVERSION = YES_AGGRESSIVE;
				CLANG_CXX_LANGUAGE_STANDARD = "gnu++14";
				CLANG_CXX_LIBRARY = "libc++";
				CLANG_ENABLE_MODULES = YES;
				CLANG_ENABLE_OBJC_ARC = YES;
				CLANG_ENABLE_OBJC_WEAK = YES;
				CLANG_WARN_BLOCK_CAPTURE_AUTORELEASING = YES;
				CLANG_WARN_BOOL_CONVERSION = YES;
				CLANG_WARN_COMMA = YES;
				CLANG_WARN_CONSTANT_CONVERSION = YES;
				CLANG_WARN_DEPRECATED_OBJC_IMPLEMENTATIONS = YES;
				CLANG_WARN_DIRECT_OBJC_ISA_USAGE = YES_ERROR;
				CLANG_WARN_DOCUMENTATION_COMMENTS = YES;
				CLANG_WARN_EMPTY_BODY = YES;
				CLANG_WARN_ENUM_CONVERSION = YES;
				CLANG_WARN_INFINITE_RECURSION = YES;
				CLANG_WARN_INT_CONVERSION = YES;
				CLANG_WARN_NON_LITERAL_NULL_CONVERSION = YES;
				CLANG_WARN_OBJC_IMPLICIT_RETAIN_SELF = YES;
				CLANG_WARN_OBJC_LITERAL_CONVERSION = YES;
				CLANG_WARN_OBJC_ROOT_CLASS = YES_ERROR;
				CLANG_WARN_QUOTED_INCLUDE_IN_FRAMEWORK_HEADER = YES;
				CLANG_WARN_RANGE_LOOP_ANALYSIS = YES;
				CLANG_WARN_STRICT_PROTOTYPES = YES;
				CLANG_WARN_SUSPICIOUS_MOVE = YES;
				CLANG_WARN_UNGUARDED_AVAILABILITY = YES_AGGRESSIVE;
				CLANG_WARN_UNREACHABLE_CODE = YES;
				CLANG_WARN__DUPLICATE_METHOD_MATCH = YES;
				COPY_PHASE_STRIP = NO;
				CURRENT_PROJECT_VERSION = 14;
				DEBUG_INFORMATION_FORMAT = "dwarf-with-dsym";
				ENABLE_NS_ASSERTIONS = NO;
				ENABLE_STRICT_OBJC_MSGSEND = YES;
				ENABLE_USER_SCRIPT_SANDBOXING = YES;
				GCC_C_LANGUAGE_STANDARD = gnu11;
				GCC_NO_COMMON_BLOCKS = YES;
				GCC_WARN_64_TO_32_BIT_CONVERSION = YES;
				GCC_WARN_ABOUT_RETURN_TYPE = YES_ERROR;
				GCC_WARN_UNDECLARED_SELECTOR = YES;
				GCC_WARN_UNINITIALIZED_AUTOS = YES_AGGRESSIVE;
				GCC_WARN_UNUSED_FUNCTION = YES;
				GCC_WARN_UNUSED_VARIABLE = YES;
				IPHONEOS_DEPLOYMENT_TARGET = 18.0;
				MARKETING_VERSION = 1.0;
				MTL_ENABLE_DEBUG_INFO = NO;
				MTL_FAST_MATH = YES;
				PRODUCT_NAME = "$(TARGET_NAME)";
				SDKROOT = iphoneos;
				STRING_CATALOG_GENERATE_SYMBOLS = YES;
				SWIFT_COMPILATION_MODE = wholemodule;
				SWIFT_OPTIMIZATION_LEVEL = "-O";
				SWIFT_STRICT_CONCURRENCY = complete;
				SWIFT_VERSION = 6.0;
			};
			name = Release;
		};
		9C75185D485999BC37769947 /* Release */ = {
			isa = XCBuildConfiguration;
			buildSettings = {
				BUNDLE_LOADER = "$(TEST_HOST)";
				GENERATE_INFOPLIST_FILE = YES;
				LD_RUNPATH_SEARCH_PATHS = (
					"$(inherited)",
					"@executable_path/Frameworks",
					"@loader_path/Frameworks",
				);
				PRODUCT_BUNDLE_IDENTIFIER = com.donnoel.TonightTests;
				SDKROOT = iphoneos;
				TARGETED_DEVICE_FAMILY = "1,2";
				TEST_HOST = "$(BUILT_PRODUCTS_DIR)/Tonight.app/Tonight";
			};
			name = Release;
		};
		C823649A41CD35E1F209918E /* Debug */ = {
			isa = XCBuildConfiguration;
			buildSettings = {
				ASSETCATALOG_COMPILER_APPICON_NAME = AppIcon;
				ASSETCATALOG_COMPILER_GLOBAL_ACCENT_COLOR_NAME = AccentColor;
				CODE_SIGN_ENTITLEMENTS = Tonight/Resources/Tonight.entitlements;
				CODE_SIGN_IDENTITY = "iPhone Developer";
				CODE_SIGN_STYLE = Automatic;
				DEVELOPMENT_ASSET_PATHS = "\"Tonight/Preview Content\"";
				DEVELOPMENT_TEAM = H7LG8SK72M;
				INFOPLIST_FILE = Tonight/Resources/Info.plist;
				LD_RUNPATH_SEARCH_PATHS = (
					"$(inherited)",
					"@executable_path/Frameworks",
				);
				PRODUCT_BUNDLE_IDENTIFIER = com.donnoel.Tonight;
				PRODUCT_NAME = Tonight;
				REGISTER_APP_GROUPS = YES;
				SDKROOT = iphoneos;
				SUPPORTED_PLATFORMS = "iphoneos iphonesimulator";
				SUPPORTS_MACCATALYST = NO;
				SUPPORTS_MAC_DESIGNED_FOR_IPHONE_IPAD = NO;
				SUPPORTS_XR_DESIGNED_FOR_IPHONE_IPAD = NO;
				TARGETED_DEVICE_FAMILY = "1,2";
			};
			name = Debug;
		};
		CF207232B4A6185338995C1A /* Debug */ = {
			isa = XCBuildConfiguration;
			buildSettings = {
				ALWAYS_SEARCH_USER_PATHS = NO;
				ASSETCATALOG_COMPILER_GENERATE_SWIFT_ASSET_SYMBOL_EXTENSIONS = YES;
				CLANG_ANALYZER_NONNULL = YES;
				CLANG_ANALYZER_NUMBER_OBJECT_CONVERSION = YES_AGGRESSIVE;
				CLANG_CXX_LANGUAGE_STANDARD = "gnu++14";
				CLANG_CXX_LIBRARY = "libc++";
				CLANG_ENABLE_MODULES = YES;
				CLANG_ENABLE_OBJC_ARC = YES;
				CLANG_ENABLE_OBJC_WEAK = YES;
				CLANG_WARN_BLOCK_CAPTURE_AUTORELEASING = YES;
				CLANG_WARN_BOOL_CONVERSION = YES;
				CLANG_WARN_COMMA = YES;
				CLANG_WARN_CONSTANT_CONVERSION = YES;
				CLANG_WARN_DEPRECATED_OBJC_IMPLEMENTATIONS = YES;
				CLANG_WARN_DIRECT_OBJC_ISA_USAGE = YES_ERROR;
				CLANG_WARN_DOCUMENTATION_COMMENTS = YES;
				CLANG_WARN_EMPTY_BODY = YES;
				CLANG_WARN_ENUM_CONVERSION = YES;
				CLANG_WARN_INFINITE_RECURSION = YES;
				CLANG_WARN_INT_CONVERSION = YES;
				CLANG_WARN_NON_LITERAL_NULL_CONVERSION = YES;
				CLANG_WARN_OBJC_IMPLICIT_RETAIN_SELF = YES;
				CLANG_WARN_OBJC_LITERAL_CONVERSION = YES;
				CLANG_WARN_OBJC_ROOT_CLASS = YES_ERROR;
				CLANG_WARN_QUOTED_INCLUDE_IN_FRAMEWORK_HEADER = YES;
				CLANG_WARN_RANGE_LOOP_ANALYSIS = YES;
				CLANG_WARN_STRICT_PROTOTYPES = YES;
				CLANG_WARN_SUSPICIOUS_MOVE = YES;
				CLANG_WARN_UNGUARDED_AVAILABILITY = YES_AGGRESSIVE;
				CLANG_WARN_UNREACHABLE_CODE = YES;
				CLANG_WARN__DUPLICATE_METHOD_MATCH = YES;
				COPY_PHASE_STRIP = NO;
				CURRENT_PROJECT_VERSION = 14;
				DEBUG_INFORMATION_FORMAT = dwarf;
				ENABLE_STRICT_OBJC_MSGSEND = YES;
				ENABLE_TESTABILITY = YES;
				ENABLE_USER_SCRIPT_SANDBOXING = YES;
				GCC_C_LANGUAGE_STANDARD = gnu11;
				GCC_DYNAMIC_NO_PIC = NO;
				GCC_NO_COMMON_BLOCKS = YES;
				GCC_OPTIMIZATION_LEVEL = 0;
				GCC_PREPROCESSOR_DEFINITIONS = (
					"$(inherited)",
					"DEBUG=1",
				);
				GCC_WARN_64_TO_32_BIT_CONVERSION = YES;
				GCC_WARN_ABOUT_RETURN_TYPE = YES_ERROR;
				GCC_WARN_UNDECLARED_SELECTOR = YES;
				GCC_WARN_UNINITIALIZED_AUTOS = YES_AGGRESSIVE;
				GCC_WARN_UNUSED_FUNCTION = YES;
				GCC_WARN_UNUSED_VARIABLE = YES;
				IPHONEOS_DEPLOYMENT_TARGET = 18.0;
				MARKETING_VERSION = 1.0;
				MTL_ENABLE_DEBUG_INFO = INCLUDE_SOURCE;
				MTL_FAST_MATH = YES;
				ONLY_ACTIVE_ARCH = YES;
				PRODUCT_NAME = "$(TARGET_NAME)";
				SDKROOT = iphoneos;
				STRING_CATALOG_GENERATE_SYMBOLS = YES;
				SWIFT_ACTIVE_COMPILATION_CONDITIONS = DEBUG;
				SWIFT_OPTIMIZATION_LEVEL = "-Onone";
				SWIFT_STRICT_CONCURRENCY = complete;
				SWIFT_VERSION = 6.0;
			};
			name = Debug;
		};
		E48231131157418F6E4A5FEF /* Release */ = {
			isa = XCBuildConfiguration;
			buildSettings = {
				APPLICATION_EXTENSION_API_ONLY = YES;
				CODE_SIGN_ENTITLEMENTS = TonightWidgetExtension/TonightWidgetExtension.entitlements;
				CODE_SIGN_STYLE = Automatic;
				DEVELOPMENT_TEAM = H7LG8SK72M;
				INFOPLIST_FILE = TonightWidgetExtension/Info.plist;
				LD_RUNPATH_SEARCH_PATHS = (
					"$(inherited)",
					"@executable_path/Frameworks",
					"@executable_path/../../Frameworks",
				);
				PRODUCT_BUNDLE_IDENTIFIER = com.donnoel.Tonight.Widget;
				PRODUCT_NAME = TonightWidgetExtension;
				REGISTER_APP_GROUPS = YES;
				SDKROOT = iphoneos;
				SKIP_INSTALL = YES;
				SUPPORTED_PLATFORMS = "iphoneos iphonesimulator";
				SUPPORTS_MACCATALYST = NO;
				SUPPORTS_MAC_DESIGNED_FOR_IPHONE_IPAD = NO;
				SUPPORTS_XR_DESIGNED_FOR_IPHONE_IPAD = NO;
				TARGETED_DEVICE_FAMILY = "1,2";
			};
			name = Release;
		};
/* End XCBuildConfiguration section */

/* Begin XCConfigurationList section */
		18D042D3B20A2180835F9DF8 /* Build configuration list for PBXNativeTarget "TonightTests" */ = {
			isa = XCConfigurationList;
			buildConfigurations = (
				7ACEE3DE4B7E61D5D22CD54F /* Debug */,
				9C75185D485999BC37769947 /* Release */,
			);
			defaultConfigurationIsVisible = 0;
			defaultConfigurationName = Debug;
		};
		A300D0E5D01E54CC44E83F66 /* Build configuration list for PBXNativeTarget "TonightWidgetExtension" */ = {
			isa = XCConfigurationList;
			buildConfigurations = (
				4DB47E1C2AAE9166DBEA49E1 /* Debug */,
				E48231131157418F6E4A5FEF /* Release */,
			);
			defaultConfigurationIsVisible = 0;
			defaultConfigurationName = Debug;
		};
		C6426BEEC30896921D6B8F56 /* Build configuration list for PBXProject "Tonight" */ = {
			isa = XCConfigurationList;
			buildConfigurations = (
				CF207232B4A6185338995C1A /* Debug */,
				81C083728D39DCEFBE8B6731 /* Release */,
			);
			defaultConfigurationIsVisible = 0;
			defaultConfigurationName = Debug;
		};
		FDE544ABF5AE8A632ECE8A09 /* Build configuration list for PBXNativeTarget "Tonight" */ = {
			isa = XCConfigurationList;
			buildConfigurations = (
				C823649A41CD35E1F209918E /* Debug */,
				0F5937083DF8FB63A8B18BBC /* Release */,
			);
			defaultConfigurationIsVisible = 0;
			defaultConfigurationName = Debug;
		};
/* End XCConfigurationList section */
	};
	rootObject = B503BAB9EE6F415CC63E3985 /* Project object */;
}
